
Microsoft Visual Studio Solution File, Format Version 11.00
# Visual Studio 2010
Project("{FAE04EC0-301F-11D3-BF4B-00C04F79EFBC}") = "GreyhoundWS", "GreyhoundWS\GreyhoundWS.csproj", "{6DA4BAA7-1AC8-43D4-B585-A346A933FA1D}"
EndProject
Project("{FAE04EC0-301F-11D3-BF4B-00C04F79EFBC}") = "GreyhoundBE", "..\..\GreyhoundBE\GreyhoundBE\GreyhoundBE.csproj", "{20FD51EB-6440-4601-B647-9B0A6B6644E6}"
EndProject
Global
	GlobalSection(SolutionConfigurationPlatforms) = preSolution
		Debug|Any CPU = Debug|Any CPU
		Release|Any CPU = Release|Any CPU
	EndGlobalSection
	GlobalSection(ProjectConfigurationPlatforms) = postSolution
		{6DA4BAA7-1AC8-43D4-B585-A346A933FA1D}.Debug|Any CPU.ActiveCfg = Debug|Any CPU
		{6DA4BAA7-1AC8-43D4-B585-A346A933FA1D}.Debug|Any CPU.Build.0 = Debug|Any CPU
		{6DA4BAA7-1AC8-43D4-B585-A346A933FA1D}.Release|Any CPU.ActiveCfg = Release|Any CPU
		{6DA4BAA7-1AC8-43D4-B585-A346A933FA1D}.Release|Any CPU.Build.0 = Release|Any CPU
		{20FD51EB-6440-4601-B647-9B0A6B6644E6}.Debug|Any CPU.ActiveCfg = Debug|Any CPU
		{20FD51EB-6440-4601-B647-9B0A6B6644E6}.Debug|Any CPU.Build.0 = Debug|Any CPU
		{20FD51EB-6440-4601-B647-9B0A6B6644E6}.Release|Any CPU.ActiveCfg = Release|Any CPU
		{20FD51EB-6440-4601-B647-9B0A6B6644E6}.Release|Any CPU.Build.0 = Release|Any CPU
	EndGlobalSection
	GlobalSection(SolutionProperties) = preSolution
		HideSolutionNode = FALSE
	EndGlobalSection
EndGlobal
